
Microsoft Visual Studio Solution File, Format Version 12.00
# Visual Studio Version 17
VisualStudioVersion = 17.5.002.0
MinimumVisualStudioVersion = 10.0.40219.1
Project("{2150E333-8FDC-42A3-9474-1A3956D46DE8}") = "week01", "week01", "{9829C952-28C4-46CA-B795-034FD3736121}"
EndProject
Project("{9A19103F-16F7-4668-BE54-9A1E7A4F7556}") = "code", "week01\code\code.csproj", "{0D98977E-2D8C-40BF-919D-8E88D9DFB1D5}"
EndProject
Project("{9A19103F-16F7-4668-BE54-9A1E7A4F7556}") = "analyze", "week01\analyze\analyze.csproj", "{BB74ACB4-A3F5-4C3F-870C-980A655D9D51}"
EndProject
Project("{9A19103F-16F7-4668-BE54-9A1E7A4F7556}") = "teach", "week01\teach\teach.csproj", "{30DF1AEE-322E-4648-BB38-05A3C978963F}"
EndProject
Project("{2150E333-8FDC-42A3-9474-1A3956D46DE8}") = "week06", "week06", "{7B5BACEF-A024-476D-A8AB-189157D43CC8}"
EndProject
Project("{9A19103F-16F7-4668-BE54-9A1E7A4F7556}") = "code", "week06\code\code.csproj", "{A83E4F3D-5F5E-411D-8D89-2F1EB1B17EE2}"
EndProject
Project("{2150E333-8FDC-42A3-9474-1A3956D46DE8}") = "sandbox", "sandbox", "{018EC026-61F5-4B4E-8DC6-B55250B86CA4}"
EndProject
Project("{9A19103F-16F7-4668-BE54-9A1E7A4F7556}") = "sandbox_project", "sandbox\sandbox_project\sandbox_project.csproj", "{F29216B5-FA79-4266-BAC3-3473E25CBCC7}"
EndProject
Project("{2150E333-8FDC-42A3-9474-1A3956D46DE8}") = "week05", "week05", "{27D54F32-8401-4E49-AAC1-1BF6C77FBE16}"
EndProject
Project("{9A19103F-16F7-4668-BE54-9A1E7A4F7556}") = "code", "week05\code\code.csproj", "{6CA0E36A-8D37-45EC-B90D-66837CF58ED6}"
EndProject
Project("{2150E333-8FDC-42A3-9474-1A3956D46DE8}") = "week02", "week02", "{81CD003D-6CA5-4502-B623-5019A90F6ECE}"
EndProject
Project("{9A19103F-16F7-4668-BE54-9A1E7A4F7556}") = "learn", "week02\learn\learn.csproj", "{76D9EE69-DB36-4C04-98ED-8259453C7078}"
EndProject
Project("{9A19103F-16F7-4668-BE54-9A1E7A4F7556}") = "code", "week02\code\code.csproj", "{F29F9368-9160-43B3-A792-C306F49A1C77}"
EndProject
Project("{9A19103F-16F7-4668-BE54-9A1E7A4F7556}") = "analyze", "week02\analyze\analyze.csproj", "{88085085-1CAA-4C67-93C0-7D68D5AF20DF}"
EndProject
Project("{9A19103F-16F7-4668-BE54-9A1E7A4F7556}") = "teach", "week02\teach\teach.csproj", "{43FA018E-1C6D-477F-B0BD-7DD9EB7AC6D4}"
EndProject
Project("{2150E333-8FDC-42A3-9474-1A3956D46DE8}") = "week03", "week03", "{72BC6A7C-B769-41EF-AFC6-28751034E2BA}"
EndProject
Project("{9A19103F-16F7-4668-BE54-9A1E7A4F7556}") = "learn", "week03\learn\learn.csproj", "{3821A34F-9365-437C-97DF-534A5C5366DC}"
EndProject
Project("{9A19103F-16F7-4668-BE54-9A1E7A4F7556}") = "code", "week03\code\code.csproj", "{DA7D7885-ED59-4300-81D6-60062B2271A6}"
EndProject
Project("{9A19103F-16F7-4668-BE54-9A1E7A4F7556}") = "teach", "week03\teach\teach.csproj", "{61561C8E-CB6C-42CF-8EB5-8944F240C371}"
EndProject
Project("{2150E333-8FDC-42A3-9474-1A3956D46DE8}") = "week04", "week04", "{29CB802F-0A13-465A-8BA8-9A37ADCF3918}"
EndProject
Project("{9A19103F-16F7-4668-BE54-9A1E7A4F7556}") = "code", "week04\code\code.csproj", "{560EA50E-502E-48EF-AA6F-22B9B7C9CB07}"
EndProject
Global
	GlobalSection(SolutionConfigurationPlatforms) = preSolution
		Debug|Any CPU = Debug|Any CPU
		Release|Any CPU = Release|Any CPU
	EndGlobalSection
	GlobalSection(ProjectConfigurationPlatforms) = postSolution
		{0D98977E-2D8C-40BF-919D-8E88D9DFB1D5}.Debug|Any CPU.ActiveCfg = Debug|Any CPU
		{0D98977E-2D8C-40BF-919D-8E88D9DFB1D5}.Debug|Any CPU.Build.0 = Debug|Any CPU
		{0D98977E-2D8C-40BF-919D-8E88D9DFB1D5}.Release|Any CPU.ActiveCfg = Release|Any CPU
		{0D98977E-2D8C-40BF-919D-8E88D9DFB1D5}.Release|Any CPU.Build.0 = Release|Any CPU
		{BB74ACB4-A3F5-4C3F-870C-980A655D9D51}.Debug|Any CPU.ActiveCfg = Debug|Any CPU
		{BB74ACB4-A3F5-4C3F-870C-980A655D9D51}.Debug|Any CPU.Build.0 = Debug|Any CPU
		{BB74ACB4-A3F5-4C3F-870C-980A655D9D51}.Release|Any CPU.ActiveCfg = Release|Any CPU
		{BB74ACB4-A3F5-4C3F-870C-980A655D9D51}.Release|Any CPU.Build.0 = Release|Any CPU
		{30DF1AEE-322E-4648-BB38-05A3C978963F}.Debug|Any CPU.ActiveCfg = Debug|Any CPU
		{30DF1AEE-322E-4648-BB38-05A3C978963F}.Debug|Any CPU.Build.0 = Debug|Any CPU
		{30DF1AEE-322E-4648-BB38-05A3C978963F}.Release|Any CPU.ActiveCfg = Release|Any CPU
		{30DF1AEE-322E-4648-BB38-05A3C978963F}.Release|Any CPU.Build.0 = Release|Any CPU
		{A83E4F3D-5F5E-411D-8D89-2F1EB1B17EE2}.Debug|Any CPU.ActiveCfg = Debug|Any CPU
		{A83E4F3D-5F5E-411D-8D89-2F1EB1B17EE2}.Debug|Any CPU.Build.0 = Debug|Any CPU
		{A83E4F3D-5F5E-411D-8D89-2F1EB1B17EE2}.Release|Any CPU.ActiveCfg = Release|Any CPU
		{A83E4F3D-5F5E-411D-8D89-2F1EB1B17EE2}.Release|Any CPU.Build.0 = Release|Any CPU
		{F29216B5-FA79-4266-BAC3-3473E25CBCC7}.Debug|Any CPU.ActiveCfg = Debug|Any CPU
		{F29216B5-FA79-4266-BAC3-3473E25CBCC7}.Debug|Any CPU.Build.0 = Debug|Any CPU
		{F29216B5-FA79-4266-BAC3-3473E25CBCC7}.Release|Any CPU.ActiveCfg = Release|Any CPU
		{F29216B5-FA79-4266-BAC3-3473E25CBCC7}.Release|Any CPU.Build.0 = Release|Any CPU
		{6CA0E36A-8D37-45EC-B90D-66837CF58ED6}.Debug|Any CPU.ActiveCfg = Debug|Any CPU
		{6CA0E36A-8D37-45EC-B90D-66837CF58ED6}.Debug|Any CPU.Build.0 = Debug|Any CPU
		{6CA0E36A-8D37-45EC-B90D-66837CF58ED6}.Release|Any CPU.ActiveCfg = Release|Any CPU
		{6CA0E36A-8D37-45EC-B90D-66837CF58ED6}.Release|Any CPU.Build.0 = Release|Any CPU
		{76D9EE69-DB36-4C04-98ED-8259453C7078}.Debug|Any CPU.ActiveCfg = Debug|Any CPU
		{76D9EE69-DB36-4C04-98ED-8259453C7078}.Debug|Any CPU.Build.0 = Debug|Any CPU
		{76D9EE69-DB36-4C04-98ED-8259453C7078}.Release|Any CPU.ActiveCfg = Release|Any CPU
		{76D9EE69-DB36-4C04-98ED-8259453C7078}.Release|Any CPU.Build.0 = Release|Any CPU
		{F29F9368-9160-43B3-A792-C306F49A1C77}.Debug|Any CPU.ActiveCfg = Debug|Any CPU
		{F29F9368-9160-43B3-A792-C306F49A1C77}.Debug|Any CPU.Build.0 = Debug|Any CPU
		{F29F9368-9160-43B3-A792-C306F49A1C77}.Release|Any CPU.ActiveCfg = Release|Any CPU
		{F29F9368-9160-43B3-A792-C306F49A1C77}.Release|Any CPU.Build.0 = Release|Any CPU
		{88085085-1CAA-4C67-93C0-7D68D5AF20DF}.Debug|Any CPU.ActiveCfg = Debug|Any CPU
		{88085085-1CAA-4C67-93C0-7D68D5AF20DF}.Debug|Any CPU.Build.0 = Debug|Any CPU
		{88085085-1CAA-4C67-93C0-7D68D5AF20DF}.Release|Any CPU.ActiveCfg = Release|Any CPU
		{88085085-1CAA-4C67-93C0-7D68D5AF20DF}.Release|Any CPU.Build.0 = Release|Any CPU
		{43FA018E-1C6D-477F-B0BD-7DD9EB7AC6D4}.Debug|Any CPU.ActiveCfg = Debug|Any CPU
		{43FA018E-1C6D-477F-B0BD-7DD9EB7AC6D4}.Debug|Any CPU.Build.0 = Debug|Any CPU
		{43FA018E-1C6D-477F-B0BD-7DD9EB7AC6D4}.Release|Any CPU.ActiveCfg = Release|Any CPU
		{43FA018E-1C6D-477F-B0BD-7DD9EB7AC6D4}.Release|Any CPU.Build.0 = Release|Any CPU
		{3821A34F-9365-437C-97DF-534A5C5366DC}.Debug|Any CPU.ActiveCfg = Debug|Any CPU
		{3821A34F-9365-437C-97DF-534A5C5366DC}.Debug|Any CPU.Build.0 = Debug|Any CPU
		{3821A34F-9365-437C-97DF-534A5C5366DC}.Release|Any CPU.ActiveCfg = Release|Any CPU
		{3821A34F-9365-437C-97DF-534A5C5366DC}.Release|Any CPU.Build.0 = Release|Any CPU
		{DA7D7885-ED59-4300-81D6-60062B2271A6}.Debug|Any CPU.ActiveCfg = Debug|Any CPU
		{DA7D7885-ED59-4300-81D6-60062B2271A6}.Debug|Any CPU.Build.0 = Debug|Any CPU
		{DA7D7885-ED59-4300-81D6-60062B2271A6}.Release|Any CPU.ActiveCfg = Release|Any CPU
		{DA7D7885-ED59-4300-81D6-60062B2271A6}.Release|Any CPU.Build.0 = Release|Any CPU
		{61561C8E-CB6C-42CF-8EB5-8944F240C371}.Debug|Any CPU.ActiveCfg = Debug|Any CPU
		{61561C8E-CB6C-42CF-8EB5-8944F240C371}.Debug|Any CPU.Build.0 = Debug|Any CPU
		{61561C8E-CB6C-42CF-8EB5-8944F240C371}.Release|Any CPU.ActiveCfg = Release|Any CPU
		{61561C8E-CB6C-42CF-8EB5-8944F240C371}.Release|Any CPU.Build.0 = Release|Any CPU
		{560EA50E-502E-48EF-AA6F-22B9B7C9CB07}.Debug|Any CPU.ActiveCfg = Debug|Any CPU
		{560EA50E-502E-48EF-AA6F-22B9B7C9CB07}.Debug|Any CPU.Build.0 = Debug|Any CPU
		{560EA50E-502E-48EF-AA6F-22B9B7C9CB07}.Release|Any CPU.ActiveCfg = Release|Any CPU
		{560EA50E-502E-48EF-AA6F-22B9B7C9CB07}.Release|Any CPU.Build.0 = Release|Any CPU
	EndGlobalSection
	GlobalSection(SolutionProperties) = preSolution
		HideSolutionNode = FALSE
	EndGlobalSection
	GlobalSection(NestedProjects) = preSolution
		{0D98977E-2D8C-40BF-919D-8E88D9DFB1D5} = {9829C952-28C4-46CA-B795-034FD3736121}
		{BB74ACB4-A3F5-4C3F-870C-980A655D9D51} = {9829C952-28C4-46CA-B795-034FD3736121}
		{30DF1AEE-322E-4648-BB38-05A3C978963F} = {9829C952-28C4-46CA-B795-034FD3736121}
		{A83E4F3D-5F5E-411D-8D89-2F1EB1B17EE2} = {7B5BACEF-A024-476D-A8AB-189157D43CC8}
		{F29216B5-FA79-4266-BAC3-3473E25CBCC7} = {018EC026-61F5-4B4E-8DC6-B55250B86CA4}
		{6CA0E36A-8D37-45EC-B90D-66837CF58ED6} = {27D54F32-8401-4E49-AAC1-1BF6C77FBE16}
		{76D9EE69-DB36-4C04-98ED-8259453C7078} = {81CD003D-6CA5-4502-B623-5019A90F6ECE}
		{F29F9368-9160-43B3-A792-C306F49A1C77} = {81CD003D-6CA5-4502-B623-5019A90F6ECE}
		{88085085-1CAA-4C67-93C0-7D68D5AF20DF} = {81CD003D-6CA5-4502-B623-5019A90F6ECE}
		{43FA018E-1C6D-477F-B0BD-7DD9EB7AC6D4} = {81CD003D-6CA5-4502-B623-5019A90F6ECE}
		{3821A34F-9365-437C-97DF-534A5C5366DC} = {72BC6A7C-B769-41EF-AFC6-28751034E2BA}
		{DA7D7885-ED59-4300-81D6-60062B2271A6} = {72BC6A7C-B769-41EF-AFC6-28751034E2BA}
		{61561C8E-CB6C-42CF-8EB5-8944F240C371} = {72BC6A7C-B769-41EF-AFC6-28751034E2BA}
		{560EA50E-502E-48EF-AA6F-22B9B7C9CB07} = {29CB802F-0A13-465A-8BA8-9A37ADCF3918}
	EndGlobalSection
	GlobalSection(ExtensibilityGlobals) = postSolution
		SolutionGuid = {F7868838-5CEA-446E-9CC8-FE5F0A4B5D3D}
	EndGlobalSection
EndGlobal
